
Microsoft Visual Studio Solution File, Format Version 12.00
# Visual Studio 15
VisualStudioVersion = 15.0.28307.489
MinimumVisualStudioVersion = 10.0.40219.1
Project("{FAE04EC0-301F-11D3-BF4B-00C04F79EFBC}") = "View", "View\View.csproj", "{24C4A176-F5EB-4780-9BEB-650F3B583033}"
EndProject
Project("{FAE04EC0-301F-11D3-BF4B-00C04F79EFBC}") = "Logic", "Logic\Logic.csproj", "{BA0DBFAA-C712-49BD-B67C-F1A170AA3F47}"
EndProject
Project("{FAE04EC0-301F-11D3-BF4B-00C04F79EFBC}") = "ViewModel", "ViewModel\ViewModel.csproj", "{89B2E7DD-8EAE-44EB-950D-C568E8AD62F2}"
EndProject
Global
	GlobalSection(SolutionConfigurationPlatforms) = preSolution
		Debug|Any CPU = Debug|Any CPU
		Release|Any CPU = Release|Any CPU
	EndGlobalSection
	GlobalSection(ProjectConfigurationPlatforms) = postSolution
		{24C4A176-F5EB-4780-9BEB-650F3B583033}.Debug|Any CPU.ActiveCfg = Debug|Any CPU
		{24C4A176-F5EB-4780-9BEB-650F3B583033}.Debug|Any CPU.Build.0 = Debug|Any CPU
		{24C4A176-F5EB-4780-9BEB-650F3B583033}.Release|Any CPU.ActiveCfg = Release|Any CPU
		{24C4A176-F5EB-4780-9BEB-650F3B583033}.Release|Any CPU.Build.0 = Release|Any CPU
		{BA0DBFAA-C712-49BD-B67C-F1A170AA3F47}.Debug|Any CPU.ActiveCfg = Debug|Any CPU
		{BA0DBFAA-C712-49BD-B67C-F1A170AA3F47}.Debug|Any CPU.Build.0 = Debug|Any CPU
		{BA0DBFAA-C712-49BD-B67C-F1A170AA3F47}.Release|Any CPU.ActiveCfg = Release|Any CPU
		{BA0DBFAA-C712-49BD-B67C-F1A170AA3F47}.Release|Any CPU.Build.0 = Release|Any CPU
		{89B2E7DD-8EAE-44EB-950D-C568E8AD62F2}.Debug|Any CPU.ActiveCfg = Debug|Any CPU
		{89B2E7DD-8EAE-44EB-950D-C568E8AD62F2}.Debug|Any CPU.Build.0 = Debug|Any CPU
		{89B2E7DD-8EAE-44EB-950D-C568E8AD62F2}.Release|Any CPU.ActiveCfg = Release|Any CPU
		{89B2E7DD-8EAE-44EB-950D-C568E8AD62F2}.Release|Any CPU.Build.0 = Release|Any CPU
	EndGlobalSection
	GlobalSection(SolutionProperties) = preSolution
		HideSolutionNode = FALSE
	EndGlobalSection
	GlobalSection(ExtensibilityGlobals) = postSolution
		SolutionGuid = {5B1C3521-17B6-4005-B813-1DCDCB9D34F3}
	EndGlobalSection
EndGlobal
